
Microsoft Visual Studio Solution File, Format Version 12.00
# Visual Studio Version 17
VisualStudioVersion = 17.1.32210.238
MinimumVisualStudioVersion = 10.0.40219.1
Project("{9A19103F-16F7-4668-BE54-9A1E7A4F7556}") = "ClassiUtili", "ClassiUtili\ClassiUtili.csproj", "{6D811FD7-C750-4E86-BF84-0D83D81F1FB9}"
EndProject
Project("{9A19103F-16F7-4668-BE54-9A1E7A4F7556}") = "ConsoleApp", "ConsoleApp\ConsoleApp.csproj", "{0E9959D0-A0D8-4C9D-9DE3-2B4B074D9EA1}"
EndProject
Project("{9A19103F-16F7-4668-BE54-9A1E7A4F7556}") = "BlazorApp", "BlazorApp\BlazorApp.csproj", "{33E4E1FF-1301-4E74-96D8-98B44FEFF819}"
EndProject
Global
	GlobalSection(SolutionConfigurationPlatforms) = preSolution
		Debug|Any CPU = Debug|Any CPU
		Debug|ARM = Debug|ARM
		Debug|ARM64 = Debug|ARM64
		Debug|x64 = Debug|x64
		Debug|x86 = Debug|x86
		Release|Any CPU = Release|Any CPU
		Release|ARM = Release|ARM
		Release|ARM64 = Release|ARM64
		Release|x64 = Release|x64
		Release|x86 = Release|x86
	EndGlobalSection
	GlobalSection(ProjectConfigurationPlatforms) = postSolution
		{6D811FD7-C750-4E86-BF84-0D83D81F1FB9}.Debug|Any CPU.ActiveCfg = Debug|Any CPU
		{6D811FD7-C750-4E86-BF84-0D83D81F1FB9}.Debug|Any CPU.Build.0 = Debug|Any CPU
		{6D811FD7-C750-4E86-BF84-0D83D81F1FB9}.Debug|ARM.ActiveCfg = Debug|Any CPU
		{6D811FD7-C750-4E86-BF84-0D83D81F1FB9}.Debug|ARM.Build.0 = Debug|Any CPU
		{6D811FD7-C750-4E86-BF84-0D83D81F1FB9}.Debug|ARM64.ActiveCfg = Debug|Any CPU
		{6D811FD7-C750-4E86-BF84-0D83D81F1FB9}.Debug|ARM64.Build.0 = Debug|Any CPU
		{6D811FD7-C750-4E86-BF84-0D83D81F1FB9}.Debug|x64.ActiveCfg = Debug|Any CPU
		{6D811FD7-C750-4E86-BF84-0D83D81F1FB9}.Debug|x64.Build.0 = Debug|Any CPU
		{6D811FD7-C750-4E86-BF84-0D83D81F1FB9}.Debug|x86.ActiveCfg = Debug|Any CPU
		{6D811FD7-C750-4E86-BF84-0D83D81F1FB9}.Debug|x86.Build.0 = Debug|Any CPU
		{6D811FD7-C750-4E86-BF84-0D83D81F1FB9}.Release|Any CPU.ActiveCfg = Release|Any CPU
		{6D811FD7-C750-4E86-BF84-0D83D81F1FB9}.Release|Any CPU.Build.0 = Release|Any CPU
		{6D811FD7-C750-4E86-BF84-0D83D81F1FB9}.Release|ARM.ActiveCfg = Release|Any CPU
		{6D811FD7-C750-4E86-BF84-0D83D81F1FB9}.Release|ARM.Build.0 = Release|Any CPU
		{6D811FD7-C750-4E86-BF84-0D83D81F1FB9}.Release|ARM64.ActiveCfg = Release|Any CPU
		{6D811FD7-C750-4E86-BF84-0D83D81F1FB9}.Release|ARM64.Build.0 = Release|Any CPU
		{6D811FD7-C750-4E86-BF84-0D83D81F1FB9}.Release|x64.ActiveCfg = Release|Any CPU
		{6D811FD7-C750-4E86-BF84-0D83D81F1FB9}.Release|x64.Build.0 = Release|Any CPU
		{6D811FD7-C750-4E86-BF84-0D83D81F1FB9}.Release|x86.ActiveCfg = Release|Any CPU
		{6D811FD7-C750-4E86-BF84-0D83D81F1FB9}.Release|x86.Build.0 = Release|Any CPU
		{0E9959D0-A0D8-4C9D-9DE3-2B4B074D9EA1}.Debug|Any CPU.ActiveCfg = Debug|Any CPU
		{0E9959D0-A0D8-4C9D-9DE3-2B4B074D9EA1}.Debug|Any CPU.Build.0 = Debug|Any CPU
		{0E9959D0-A0D8-4C9D-9DE3-2B4B074D9EA1}.Debug|ARM.ActiveCfg = Debug|Any CPU
		{0E9959D0-A0D8-4C9D-9DE3-2B4B074D9EA1}.Debug|ARM.Build.0 = Debug|Any CPU
		{0E9959D0-A0D8-4C9D-9DE3-2B4B074D9EA1}.Debug|ARM64.ActiveCfg = Debug|Any CPU
		{0E9959D0-A0D8-4C9D-9DE3-2B4B074D9EA1}.Debug|ARM64.Build.0 = Debug|Any CPU
		{0E9959D0-A0D8-4C9D-9DE3-2B4B074D9EA1}.Debug|x64.ActiveCfg = Debug|Any CPU
		{0E9959D0-A0D8-4C9D-9DE3-2B4B074D9EA1}.Debug|x64.Build.0 = Debug|Any CPU
		{0E9959D0-A0D8-4C9D-9DE3-2B4B074D9EA1}.Debug|x86.ActiveCfg = Debug|Any CPU
		{0E9959D0-A0D8-4C9D-9DE3-2B4B074D9EA1}.Debug|x86.Build.0 = Debug|Any CPU
		{0E9959D0-A0D8-4C9D-9DE3-2B4B074D9EA1}.Release|Any CPU.ActiveCfg = Release|Any CPU
		{0E9959D0-A0D8-4C9D-9DE3-2B4B074D9EA1}.Release|Any CPU.Build.0 = Release|Any CPU
		{0E9959D0-A0D8-4C9D-9DE3-2B4B074D9EA1}.Release|ARM.ActiveCfg = Release|Any CPU
		{0E9959D0-A0D8-4C9D-9DE3-2B4B074D9EA1}.Release|ARM.Build.0 = Release|Any CPU
		{0E9959D0-A0D8-4C9D-9DE3-2B4B074D9EA1}.Release|ARM64.ActiveCfg = Release|Any CPU
		{0E9959D0-A0D8-4C9D-9DE3-2B4B074D9EA1}.Release|ARM64.Build.0 = Release|Any CPU
		{0E9959D0-A0D8-4C9D-9DE3-2B4B074D9EA1}.Release|x64.ActiveCfg = Release|Any CPU
		{0E9959D0-A0D8-4C9D-9DE3-2B4B074D9EA1}.Release|x64.Build.0 = Release|Any CPU
		{0E9959D0-A0D8-4C9D-9DE3-2B4B074D9EA1}.Release|x86.ActiveCfg = Release|Any CPU
		{0E9959D0-A0D8-4C9D-9DE3-2B4B074D9EA1}.Release|x86.Build.0 = Release|Any CPU
		{33E4E1FF-1301-4E74-96D8-98B44FEFF819}.Debug|Any CPU.ActiveCfg = Debug|Any CPU
		{33E4E1FF-1301-4E74-96D8-98B44FEFF819}.Debug|Any CPU.Build.0 = Debug|Any CPU
		{33E4E1FF-1301-4E74-96D8-98B44FEFF819}.Debug|ARM.ActiveCfg = Debug|Any CPU
		{33E4E1FF-1301-4E74-96D8-98B44FEFF819}.Debug|ARM.Build.0 = Debug|Any CPU
		{33E4E1FF-1301-4E74-96D8-98B44FEFF819}.Debug|ARM64.ActiveCfg = Debug|Any CPU
		{33E4E1FF-1301-4E74-96D8-98B44FEFF819}.Debug|ARM64.Build.0 = Debug|Any CPU
		{33E4E1FF-1301-4E74-96D8-98B44FEFF819}.Debug|x64.ActiveCfg = Debug|Any CPU
		{33E4E1FF-1301-4E74-96D8-98B44FEFF819}.Debug|x64.Build.0 = Debug|Any CPU
		{33E4E1FF-1301-4E74-96D8-98B44FEFF819}.Debug|x86.ActiveCfg = Debug|Any CPU
		{33E4E1FF-1301-4E74-96D8-98B44FEFF819}.Debug|x86.Build.0 = Debug|Any CPU
		{33E4E1FF-1301-4E74-96D8-98B44FEFF819}.Release|Any CPU.ActiveCfg = Release|Any CPU
		{33E4E1FF-1301-4E74-96D8-98B44FEFF819}.Release|Any CPU.Build.0 = Release|Any CPU
		{33E4E1FF-1301-4E74-96D8-98B44FEFF819}.Release|ARM.ActiveCfg = Release|Any CPU
		{33E4E1FF-1301-4E74-96D8-98B44FEFF819}.Release|ARM.Build.0 = Release|Any CPU
		{33E4E1FF-1301-4E74-96D8-98B44FEFF819}.Release|ARM64.ActiveCfg = Release|Any CPU
		{33E4E1FF-1301-4E74-96D8-98B44FEFF819}.Release|ARM64.Build.0 = Release|Any CPU
		{33E4E1FF-1301-4E74-96D8-98B44FEFF819}.Release|x64.ActiveCfg = Release|Any CPU
		{33E4E1FF-1301-4E74-96D8-98B44FEFF819}.Release|x64.Build.0 = Release|Any CPU
		{33E4E1FF-1301-4E74-96D8-98B44FEFF819}.Release|x86.ActiveCfg = Release|Any CPU
		{33E4E1FF-1301-4E74-96D8-98B44FEFF819}.Release|x86.Build.0 = Release|Any CPU
	EndGlobalSection
	GlobalSection(SolutionProperties) = preSolution
		HideSolutionNode = FALSE
	EndGlobalSection
	GlobalSection(ExtensibilityGlobals) = postSolution
		SolutionGuid = {482C8282-FCE6-4230-AE5B-D22497FD1C25}
	EndGlobalSection
EndGlobal
